// !$*UTF8*$!
{
	archiveVersion = 1;
	classes = {
	};
	objectVersion = 46;
	objects = {

/* Begin PBXBuildFile section */
		BE4303111F1D0B9700932626 /* AppDelegate.swift in Sources */ = {isa = PBXBuildFile; fileRef = BE4303101F1D0B9700932626 /* AppDelegate.swift */; };
		BE4303131F1D0B9700932626 /* MainVC.swift in Sources */ = {isa = PBXBuildFile; fileRef = BE4303121F1D0B9700932626 /* MainVC.swift */; };
		BE4303161F1D0B9700932626 /* Main.storyboard in Resources */ = {isa = PBXBuildFile; fileRef = BE4303141F1D0B9700932626 /* Main.storyboard */; };
		BE4303191F1D0B9700932626 /* DreamLister.xcdatamodeld in Sources */ = {isa = PBXBuildFile; fileRef = BE4303171F1D0B9700932626 /* DreamLister.xcdatamodeld */; };
		BE43031B1F1D0B9700932626 /* Assets.xcassets in Resources */ = {isa = PBXBuildFile; fileRef = BE43031A1F1D0B9700932626 /* Assets.xcassets */; };
		BE43031E1F1D0B9700932626 /* LaunchScreen.storyboard in Resources */ = {isa = PBXBuildFile; fileRef = BE43031C1F1D0B9700932626 /* LaunchScreen.storyboard */; };
		BE4303321F1D181C00932626 /* Store+CoreDataClass.swift in Sources */ = {isa = PBXBuildFile; fileRef = BE43032A1F1D181C00932626 /* Store+CoreDataClass.swift */; };
		BE4303331F1D181C00932626 /* Store+CoreDataProperties.swift in Sources */ = {isa = PBXBuildFile; fileRef = BE43032B1F1D181C00932626 /* Store+CoreDataProperties.swift */; };
		BE4303341F1D181C00932626 /* ItemType+CoreDataClass.swift in Sources */ = {isa = PBXBuildFile; fileRef = BE43032C1F1D181C00932626 /* ItemType+CoreDataClass.swift */; };
		BE4303351F1D181C00932626 /* ItemType+CoreDataProperties.swift in Sources */ = {isa = PBXBuildFile; fileRef = BE43032D1F1D181C00932626 /* ItemType+CoreDataProperties.swift */; };
		BE4303361F1D181C00932626 /* Item+CoreDataClass.swift in Sources */ = {isa = PBXBuildFile; fileRef = BE43032E1F1D181C00932626 /* Item+CoreDataClass.swift */; };
		BE4303371F1D181C00932626 /* Item+CoreDataProperties.swift in Sources */ = {isa = PBXBuildFile; fileRef = BE43032F1F1D181C00932626 /* Item+CoreDataProperties.swift */; };
		BE4303381F1D181C00932626 /* Image+CoreDataClass.swift in Sources */ = {isa = PBXBuildFile; fileRef = BE4303301F1D181C00932626 /* Image+CoreDataClass.swift */; };
		BE4303391F1D181C00932626 /* Image+CoreDataProperties.swift in Sources */ = {isa = PBXBuildFile; fileRef = BE4303311F1D181C00932626 /* Image+CoreDataProperties.swift */; };
		BE43033D1F1D458B00932626 /* MaterialView.swift in Sources */ = {isa = PBXBuildFile; fileRef = BE43033C1F1D458B00932626 /* MaterialView.swift */; };
		BE43033F1F1D48E500932626 /* ItemCell.swift in Sources */ = {isa = PBXBuildFile; fileRef = BE43033E1F1D48E500932626 /* ItemCell.swift */; };
		BE7A4BB61F20D362004638D4 /* ItemDetailsVC.swift in Sources */ = {isa = PBXBuildFile; fileRef = BE7A4BB51F20D362004638D4 /* ItemDetailsVC.swift */; };
		BE7A4BB81F20D912004638D4 /* CustomTextField.swift in Sources */ = {isa = PBXBuildFile; fileRef = BE7A4BB71F20D912004638D4 /* CustomTextField.swift */; };
/* End PBXBuildFile section */

/* Begin PBXFileReference section */
		BE43030D1F1D0B9700932626 /* DreamLister.app */ = {isa = PBXFileReference; explicitFileType = wrapper.application; includeInIndex = 0; path = DreamLister.app; sourceTree = BUILT_PRODUCTS_DIR; };
		BE4303101F1D0B9700932626 /* AppDelegate.swift */ = {isa = PBXFileReference; lastKnownFileType = sourcecode.swift; path = AppDelegate.swift; sourceTree = "<group>"; };
		BE4303121F1D0B9700932626 /* MainVC.swift */ = {isa = PBXFileReference; lastKnownFileType = sourcecode.swift; path = MainVC.swift; sourceTree = "<group>"; };
		BE4303151F1D0B9700932626 /* Base */ = {isa = PBXFileReference; lastKnownFileType = file.storyboard; name = Base; path = Base.lproj/Main.storyboard; sourceTree = "<group>"; };
		BE4303181F1D0B9700932626 /* DreamLister.xcdatamodel */ = {isa = PBXFileReference; lastKnownFileType = wrapper.xcdatamodel; path = DreamLister.xcdatamodel; sourceTree = "<group>"; };
		BE43031A1F1D0B9700932626 /* Assets.xcassets */ = {isa = PBXFileReference; lastKnownFileType = folder.assetcatalog; path = Assets.xcassets; sourceTree = "<group>"; };
		BE43031D1F1D0B9700932626 /* Base */ = {isa = PBXFileReference; lastKnownFileType = file.storyboard; name = Base; path = Base.lproj/LaunchScreen.storyboard; sourceTree = "<group>"; };
		BE43031F1F1D0B9700932626 /* Info.plist */ = {isa = PBXFileReference; lastKnownFileType = text.plist.xml; path = Info.plist; sourceTree = "<group>"; };
		BE43032A1F1D181C00932626 /* Store+CoreDataClass.swift */ = {isa = PBXFileReference; fileEncoding = 4; lastKnownFileType = sourcecode.swift; path = "Store+CoreDataClass.swift"; sourceTree = "<group>"; };
		BE43032B1F1D181C00932626 /* Store+CoreDataProperties.swift */ = {isa = PBXFileReference; fileEncoding = 4; lastKnownFileType = sourcecode.swift; path = "Store+CoreDataProperties.swift"; sourceTree = "<group>"; };
		BE43032C1F1D181C00932626 /* ItemType+CoreDataClass.swift */ = {isa = PBXFileReference; fileEncoding = 4; lastKnownFileType = sourcecode.swift; path = "ItemType+CoreDataClass.swift"; sourceTree = "<group>"; };
		BE43032D1F1D181C00932626 /* ItemType+CoreDataProperties.swift */ = {isa = PBXFileReference; fileEncoding = 4; lastKnownFileType = sourcecode.swift; path = "ItemType+CoreDataProperties.swift"; sourceTree = "<group>"; };
		BE43032E1F1D181C00932626 /* Item+CoreDataClass.swift */ = {isa = PBXFileReference; fileEncoding = 4; lastKnownFileType = sourcecode.swift; path = "Item+CoreDataClass.swift"; sourceTree = "<group>"; };
		BE43032F1F1D181C00932626 /* Item+CoreDataProperties.swift */ = {isa = PBXFileReference; fileEncoding = 4; lastKnownFileType = sourcecode.swift; path = "Item+CoreDataProperties.swift"; sourceTree = "<group>"; };
		BE4303301F1D181C00932626 /* Image+CoreDataClass.swift */ = {isa = PBXFileReference; fileEncoding = 4; lastKnownFileType = sourcecode.swift; path = "Image+CoreDataClass.swift"; sourceTree = "<group>"; };
		BE4303311F1D181C00932626 /* Image+CoreDataProperties.swift */ = {isa = PBXFileReference; fileEncoding = 4; lastKnownFileType = sourcecode.swift; path = "Image+CoreDataProperties.swift"; sourceTree = "<group>"; };
		BE43033C1F1D458B00932626 /* MaterialView.swift */ = {isa = PBXFileReference; fileEncoding = 4; lastKnownFileType = sourcecode.swift; path = MaterialView.swift; sourceTree = "<group>"; };
		BE43033E1F1D48E500932626 /* ItemCell.swift */ = {isa = PBXFileReference; fileEncoding = 4; lastKnownFileType = sourcecode.swift; path = ItemCell.swift; sourceTree = "<group>"; };
		BE7A4BB51F20D362004638D4 /* ItemDetailsVC.swift */ = {isa = PBXFileReference; fileEncoding = 4; lastKnownFileType = sourcecode.swift; path = ItemDetailsVC.swift; sourceTree = "<group>"; };
		BE7A4BB71F20D912004638D4 /* CustomTextField.swift */ = {isa = PBXFileReference; fileEncoding = 4; lastKnownFileType = sourcecode.swift; path = CustomTextField.swift; sourceTree = "<group>"; };
/* End PBXFileReference section */

/* Begin PBXFrameworksBuildPhase section */
		BE43030A1F1D0B9700932626 /* Frameworks */ = {
			isa = PBXFrameworksBuildPhase;
			buildActionMask = 2147483647;
			files = (
			);
			runOnlyForDeploymentPostprocessing = 0;
		};
/* End PBXFrameworksBuildPhase section */

/* Begin PBXGroup section */
		BE4303041F1D0B9700932626 = {
			isa = PBXGroup;
			children = (
				BE43030F1F1D0B9700932626 /* DreamLister */,
				BE43030E1F1D0B9700932626 /* Products */,
			);
			sourceTree = "<group>";
		};
		BE43030E1F1D0B9700932626 /* Products */ = {
			isa = PBXGroup;
			children = (
				BE43030D1F1D0B9700932626 /* DreamLister.app */,
			);
			name = Products;
			sourceTree = "<group>";
		};
		BE43030F1F1D0B9700932626 /* DreamLister */ = {
			isa = PBXGroup;
			children = (
				BE4303271F1D0C4D00932626 /* Model */,
				BE4303261F1D0C3F00932626 /* View */,
				BE4303251F1D0C2900932626 /* Controller */,
				BE43033A1F1D190B00932626 /* Generated */,
				BE4303291F1D0C5D00932626 /* Resources */,
				BE4303281F1D0C5600932626 /* Util */,
				BE4303101F1D0B9700932626 /* AppDelegate.swift */,
				BE43031C1F1D0B9700932626 /* LaunchScreen.storyboard */,
				BE4303141F1D0B9700932626 /* Main.storyboard */,
				BE43031F1F1D0B9700932626 /* Info.plist */,
				BE4303171F1D0B9700932626 /* DreamLister.xcdatamodeld */,
			);
			path = DreamLister;
			sourceTree = "<group>";
		};
		BE4303251F1D0C2900932626 /* Controller */ = {
			isa = PBXGroup;
			children = (
				BE4303121F1D0B9700932626 /* MainVC.swift */,
				BE7A4BB51F20D362004638D4 /* ItemDetailsVC.swift */,
			);
			name = Controller;
			sourceTree = "<group>";
		};
		BE4303261F1D0C3F00932626 /* View */ = {
			isa = PBXGroup;
			children = (
				BE43033C1F1D458B00932626 /* MaterialView.swift */,
				BE43033E1F1D48E500932626 /* ItemCell.swift */,
				BE7A4BB71F20D912004638D4 /* CustomTextField.swift */,
			);
			name = View;
			sourceTree = "<group>";
		};
		BE4303271F1D0C4D00932626 /* Model */ = {
			isa = PBXGroup;
			children = (
				BE4303301F1D181C00932626 /* Image+CoreDataClass.swift */,
				BE43032C1F1D181C00932626 /* ItemType+CoreDataClass.swift */,
				BE43032E1F1D181C00932626 /* Item+CoreDataClass.swift */,
				BE43032A1F1D181C00932626 /* Store+CoreDataClass.swift */,
			);
			name = Model;
			sourceTree = "<group>";
		};
		BE4303281F1D0C5600932626 /* Util */ = {
			isa = PBXGroup;
			children = (
			);
			name = Util;
			sourceTree = "<group>";
		};
		BE4303291F1D0C5D00932626 /* Resources */ = {
			isa = PBXGroup;
			children = (
				BE43031A1F1D0B9700932626 /* Assets.xcassets */,
			);
			name = Resources;
			sourceTree = "<group>";
		};
		BE43033A1F1D190B00932626 /* Generated */ = {
			isa = PBXGroup;
			children = (
				BE43032D1F1D181C00932626 /* ItemType+CoreDataProperties.swift */,
				BE4303311F1D181C00932626 /* Image+CoreDataProperties.swift */,
				BE43032F1F1D181C00932626 /* Item+CoreDataProperties.swift */,
				BE43032B1F1D181C00932626 /* Store+CoreDataProperties.swift */,
			);
			name = Generated;
			sourceTree = "<group>";
		};
/* End PBXGroup section */

/* Begin PBXNativeTarget section */
		BE43030C1F1D0B9700932626 /* DreamLister */ = {
			isa = PBXNativeTarget;
			buildConfigurationList = BE4303221F1D0B9700932626 /* Build configuration list for PBXNativeTarget "DreamLister" */;
			buildPhases = (
				BE4303091F1D0B9700932626 /* Sources */,
				BE43030A1F1D0B9700932626 /* Frameworks */,
				BE43030B1F1D0B9700932626 /* Resources */,
			);
			buildRules = (
			);
			dependencies = (
			);
			name = DreamLister;
			productName = DreamLister;
			productReference = BE43030D1F1D0B9700932626 /* DreamLister.app */;
			productType = "com.apple.product-type.application";
		};
/* End PBXNativeTarget section */

/* Begin PBXProject section */
		BE4303051F1D0B9700932626 /* Project object */ = {
			isa = PBXProject;
			attributes = {
				LastSwiftUpdateCheck = 0830;
				LastUpgradeCheck = 0830;
				ORGANIZATIONNAME = Lichtverbunden;
				TargetAttributes = {
					BE43030C1F1D0B9700932626 = {
						CreatedOnToolsVersion = 8.3.3;
						DevelopmentTeam = N44J6L5WWP;
						ProvisioningStyle = Automatic;
					};
				};
			};
			buildConfigurationList = BE4303081F1D0B9700932626 /* Build configuration list for PBXProject "DreamLister" */;
			compatibilityVersion = "Xcode 3.2";
			developmentRegion = English;
			hasScannedForEncodings = 0;
			knownRegions = (
				en,
				Base,
			);
			mainGroup = BE4303041F1D0B9700932626;
			productRefGroup = BE43030E1F1D0B9700932626 /* Products */;
			projectDirPath = "";
			projectRoot = "";
			targets = (
				BE43030C1F1D0B9700932626 /* DreamLister */,
			);
		};
/* End PBXProject section */

/* Begin PBXResourcesBuildPhase section */
		BE43030B1F1D0B9700932626 /* Resources */ = {
			isa = PBXResourcesBuildPhase;
			buildActionMask = 2147483647;
			files = (
				BE43031E1F1D0B9700932626 /* LaunchScreen.storyboard in Resources */,
				BE43031B1F1D0B9700932626 /* Assets.xcassets in Resources */,
				BE4303161F1D0B9700932626 /* Main.storyboard in Resources */,
			);
			runOnlyForDeploymentPostprocessing = 0;
		};
/* End PBXResourcesBuildPhase section */

/* Begin PBXSourcesBuildPhase section */
		BE4303091F1D0B9700932626 /* Sources */ = {
			isa = PBXSourcesBuildPhase;
			buildActionMask = 2147483647;
			files = (
				BE43033F1F1D48E500932626 /* ItemCell.swift in Sources */,
				BE4303341F1D181C00932626 /* ItemType+CoreDataClass.swift in Sources */,
				BE4303331F1D181C00932626 /* Store+CoreDataProperties.swift in Sources */,
				BE4303131F1D0B9700932626 /* MainVC.swift in Sources */,
				BE43033D1F1D458B00932626 /* MaterialView.swift in Sources */,
				BE4303321F1D181C00932626 /* Store+CoreDataClass.swift in Sources */,
				BE4303111F1D0B9700932626 /* AppDelegate.swift in Sources */,
				BE4303351F1D181C00932626 /* ItemType+CoreDataProperties.swift in Sources */,
				BE7A4BB61F20D362004638D4 /* ItemDetailsVC.swift in Sources */,
				BE4303371F1D181C00932626 /* Item+CoreDataProperties.swift in Sources */,
				BE4303361F1D181C00932626 /* Item+CoreDataClass.swift in Sources */,
				BE4303191F1D0B9700932626 /* DreamLister.xcdatamodeld in Sources */,
				BE4303381F1D181C00932626 /* Image+CoreDataClass.swift in Sources */,
				BE4303391F1D181C00932626 /* Image+CoreDataProperties.swift in Sources */,
				BE7A4BB81F20D912004638D4 /* CustomTextField.swift in Sources */,
			);
			runOnlyForDeploymentPostprocessing = 0;
		};
/* End PBXSourcesBuildPhase section */

/* Begin PBXVariantGroup section */
		BE4303141F1D0B9700932626 /* Main.storyboard */ = {
			isa = PBXVariantGroup;
			children = (
				BE4303151F1D0B9700932626 /* Base */,
			);
			name = Main.storyboard;
			sourceTree = "<group>";
		};
		BE43031C1F1D0B9700932626 /* LaunchScreen.storyboard */ = {
			isa = PBXVariantGroup;
			children = (
				BE43031D1F1D0B9700932626 /* Base */,
			);
			name = LaunchScreen.storyboard;
			sourceTree = "<group>";
		};
/* End PBXVariantGroup section */

/* Begin XCBuildConfiguration section */
		BE4303201F1D0B9700932626 /* Debug */ = {
			isa = XCBuildConfiguration;
			buildSettings = {
				ALWAYS_SEARCH_USER_PATHS = NO;
				CLANG_ANALYZER_NONNULL = YES;
				CLANG_ANALYZER_NUMBER_OBJECT_CONVERSION = YES_AGGRESSIVE;
				CLANG_CXX_LANGUAGE_STANDARD = "gnu++0x";
				CLANG_CXX_LIBRARY = "libc++";
				CLANG_ENABLE_MODULES = YES;
				CLANG_ENABLE_OBJC_ARC = YES;
				CLANG_WARN_BOOL_CONVERSION = YES;
				CLANG_WARN_CONSTANT_CONVERSION = YES;
				CLANG_WARN_DIRECT_OBJC_ISA_USAGE = YES_ERROR;
				CLANG_WARN_DOCUMENTATION_COMMENTS = YES;
				CLANG_WARN_EMPTY_BODY = YES;
				CLANG_WARN_ENUM_CONVERSION = YES;
				CLANG_WARN_INFINITE_RECURSION = YES;
				CLANG_WARN_INT_CONVERSION = YES;
				CLANG_WARN_OBJC_ROOT_CLASS = YES_ERROR;
				CLANG_WARN_SUSPICIOUS_MOVE = YES;
				CLANG_WARN_UNREACHABLE_CODE = YES;
				CLANG_WARN__DUPLICATE_METHOD_MATCH = YES;
				"CODE_SIGN_IDENTITY[sdk=iphoneos*]" = "iPhone Developer";
				COPY_PHASE_STRIP = NO;
				DEBUG_INFORMATION_FORMAT = dwarf;
				ENABLE_STRICT_OBJC_MSGSEND = YES;
				ENABLE_TESTABILITY = YES;
				GCC_C_LANGUAGE_STANDARD = gnu99;
				GCC_DYNAMIC_NO_PIC = NO;
				GCC_NO_COMMON_BLOCKS = YES;
				GCC_OPTIMIZATION_LEVEL = 0;
				GCC_PREPROCESSOR_DEFINITIONS = (
					"DEBUG=1",
					"$(inherited)",
				);
				GCC_WARN_64_TO_32_BIT_CONVERSION = YES;
				GCC_WARN_ABOUT_RETURN_TYPE = YES_ERROR;
				GCC_WARN_UNDECLARED_SELECTOR = YES;
				GCC_WARN_UNINITIALIZED_AUTOS = YES_AGGRESSIVE;
				GCC_WARN_UNUSED_FUNCTION = YES;
				GCC_WARN_UNUSED_VARIABLE = YES;
				IPHONEOS_DEPLOYMENT_TARGET = 10.3;
				MTL_ENABLE_DEBUG_INFO = YES;
				ONLY_ACTIVE_ARCH = YES;
				SDKROOT = iphoneos;
				SWIFT_ACTIVE_COMPILATION_CONDITIONS = DEBUG;
				SWIFT_OPTIMIZATION_LEVEL = "-Onone";
				TARGETED_DEVICE_FAMILY = "1,2";
			};
			name = Debug;
		};
		BE4303211F1D0B9700932626 /* Release */ = {
			isa = XCBuildConfiguration;
			buildSettings = {
				ALWAYS_SEARCH_USER_PATHS = NO;
				CLANG_ANALYZER_NONNULL = YES;
				CLANG_ANALYZER_NUMBER_OBJECT_CONVERSION = YES_AGGRESSIVE;
				CLANG_CXX_LANGUAGE_STANDARD = "gnu++0x";
				CLANG_CXX_LIBRARY = "libc++";
				CLANG_ENABLE_MODULES = YES;
				CLANG_ENABLE_OBJC_ARC = YES;
				CLANG_WARN_BOOL_CONVERSION = YES;
				CLANG_WARN_CONSTANT_CONVERSION = YES;
				CLANG_WARN_DIRECT_OBJC_ISA_USAGE = YES_ERROR;
				CLANG_WARN_DOCUMENTATION_COMMENTS = YES;
				CLANG_WARN_EMPTY_BODY = YES;
				CLANG_WARN_ENUM_CONVERSION = YES;
				CLANG_WARN_INFINITE_RECURSION = YES;
				CLANG_WARN_INT_CONVERSION = YES;
				CLANG_WARN_OBJC_ROOT_CLASS = YES_ERROR;
				CLANG_WARN_SUSPICIOUS_MOVE = YES;
				CLANG_WARN_UNREACHABLE_CODE = YES;
				CLANG_WARN__DUPLICATE_METHOD_MATCH = YES;
				"CODE_SIGN_IDENTITY[sdk=iphoneos*]" = "iPhone Developer";
				COPY_PHASE_STRIP = NO;
				DEBUG_INFORMATION_FORMAT = "dwarf-with-dsym";
				ENABLE_NS_ASSERTIONS = NO;
				ENABLE_STRICT_OBJC_MSGSEND = YES;
				GCC_C_LANGUAGE_STANDARD = gnu99;
				GCC_NO_COMMON_BLOCKS = YES;
				GCC_WARN_64_TO_32_BIT_CONVERSION = YES;
				GCC_WARN_ABOUT_RETURN_TYPE = YES_ERROR;
				GCC_WARN_UNDECLARED_SELECTOR = YES;
				GCC_WARN_UNINITIALIZED_AUTOS = YES_AGGRESSIVE;
				GCC_WARN_UNUSED_FUNCTION = YES;
				GCC_WARN_UNUSED_VARIABLE = YES;
				IPHONEOS_DEPLOYMENT_TARGET = 10.3;
				MTL_ENABLE_DEBUG_INFO = NO;
				SDKROOT = iphoneos;
				SWIFT_OPTIMIZATION_LEVEL = "-Owholemodule";
				TARGETED_DEVICE_FAMILY = "1,2";
				VALIDATE_PRODUCT = YES;
			};
			name = Release;
		};
		BE4303231F1D0B9700932626 /* Debug */ = {
			isa = XCBuildConfiguration;
			buildSettings = {
				ASSETCATALOG_COMPILER_APPICON_NAME = AppIcon;
				DEVELOPMENT_TEAM = N44J6L5WWP;
				INFOPLIST_FILE = DreamLister/Info.plist;
				LD_RUNPATH_SEARCH_PATHS = "$(inherited) @executable_path/Frameworks";
				PRODUCT_BUNDLE_IDENTIFIER = lu.lichtverbunden.DreamLister;
				PRODUCT_NAME = "$(TARGET_NAME)";
				SWIFT_VERSION = 3.0;
			};
			name = Debug;
		};
		BE4303241F1D0B9700932626 /* Release */ = {
			isa = XCBuildConfiguration;
			buildSettings = {
				ASSETCATALOG_COMPILER_APPICON_NAME = AppIcon;
				DEVELOPMENT_TEAM = N44J6L5WWP;
				INFOPLIST_FILE = DreamLister/Info.plist;
				LD_RUNPATH_SEARCH_PATHS = "$(inherited) @executable_path/Frameworks";
				PRODUCT_BUNDLE_IDENTIFIER = lu.lichtverbunden.DreamLister;
				PRODUCT_NAME = "$(TARGET_NAME)";
				SWIFT_VERSION = 3.0;
			};
			name = Release;
		};
/* End XCBuildConfiguration section */

/* Begin XCConfigurationList section */
		BE4303081F1D0B9700932626 /* Build configuration list for PBXProject "DreamLister" */ = {
			isa = XCConfigurationList;
			buildConfigurations = (
				BE4303201F1D0B9700932626 /* Debug */,
				BE4303211F1D0B9700932626 /* Release */,
			);
			defaultConfigurationIsVisible = 0;
			defaultConfigurationName = Release;
		};
		BE4303221F1D0B9700932626 /* Build configuration list for PBXNativeTarget "DreamLister" */ = {
			isa = XCConfigurationList;
			buildConfigurations = (
				BE4303231F1D0B9700932626 /* Debug */,
				BE4303241F1D0B9700932626 /* Release */,
			);
			defaultConfigurationIsVisible = 0;
			defaultConfigurationName = Release;
		};
/* End XCConfigurationList section */

/* Begin XCVersionGroup section */
		BE4303171F1D0B9700932626 /* DreamLister.xcdatamodeld */ = {
			isa = XCVersionGroup;
			children = (
				BE4303181F1D0B9700932626 /* DreamLister.xcdatamodel */,
			);
			currentVersion = BE4303181F1D0B9700932626 /* DreamLister.xcdatamodel */;
			path = DreamLister.xcdatamodeld;
			sourceTree = "<group>";
			versionGroupType = wrapper.xcdatamodel;
		};
/* End XCVersionGroup section */
	};
	rootObject = BE4303051F1D0B9700932626 /* Project object */;
}
